
Microsoft Visual Studio Solution File, Format Version 12.00
# Visual Studio Version 17
VisualStudioVersion = 17.7.34031.279
MinimumVisualStudioVersion = 10.0.40219.1
Project("{FAE04EC0-301F-11D3-BF4B-00C04F79EFBC}") = "ConsoleApp19", "ConsoleApp19.csproj", "{D64DFC11-26F8-4CCA-AE06-5ED7292B2189}"
EndProject
Global
	GlobalSection(SolutionConfigurationPlatforms) = preSolution
		Debug|Any CPU = Debug|Any CPU
		Release|Any CPU = Release|Any CPU
	EndGlobalSection
	GlobalSection(ProjectConfigurationPlatforms) = postSolution
		{D64DFC11-26F8-4CCA-AE06-5ED7292B2189}.Debug|Any CPU.ActiveCfg = Debug|Any CPU
		{D64DFC11-26F8-4CCA-AE06-5ED7292B2189}.Debug|Any CPU.Build.0 = Debug|Any CPU
		{D64DFC11-26F8-4CCA-AE06-5ED7292B2189}.Release|Any CPU.ActiveCfg = Release|Any CPU
		{D64DFC11-26F8-4CCA-AE06-5ED7292B2189}.Release|Any CPU.Build.0 = Release|Any CPU
	EndGlobalSection
	GlobalSection(SolutionProperties) = preSolution
		HideSolutionNode = FALSE
	EndGlobalSection
	GlobalSection(ExtensibilityGlobals) = postSolution
		SolutionGuid = {89932ED0-162F-4662-8702-9886988991DC}
	EndGlobalSection
EndGlobal
